
Microsoft Visual Studio Solution File, Format Version 12.00
# Visual Studio Version 17
VisualStudioVersion = 17.0.31903.59
MinimumVisualStudioVersion = 10.0.40219.1
Project("{2150E333-8FDC-42A3-9474-1A3956D46DE8}") = "src", "src", "{08408895-09B5-4B90-AF07-4B6CD7123E00}"
EndProject
Project("{F2A71F9B-5D33-465A-A702-920D77279786}") = "Elmish.Avalonia.Glue", "src\Elmish.Avalonia.Glue\Elmish.Avalonia.Glue.fsproj", "{B8297821-6246-47C7-BD36-B62DC77F455D}"
EndProject
Project("{2150E333-8FDC-42A3-9474-1A3956D46DE8}") = "tests", "tests", "{C81A09CB-EA96-49D9-8D83-F8D9D33B0A76}"
EndProject
Project("{F2A71F9B-5D33-465A-A702-920D77279786}") = "Elmish.Avalonia.Glue.Tests", "tests\Elmish.Avalonia.Glue.Tests\Elmish.Avalonia.Glue.Tests.fsproj", "{33422001-C07E-4980-9685-31AA54150539}"
EndProject
Project("{2150E333-8FDC-42A3-9474-1A3956D46DE8}") = "sample", "sample", "{4F9DEAE5-078F-E77A-2E4A-FEB6FFE226FF}"
EndProject
Project("{2150E333-8FDC-42A3-9474-1A3956D46DE8}") = "Samples.Projection", "Samples.Projection", "{8A455296-DFDF-4CB8-8379-9B26D74FCA76}"
EndProject
Project("{2150E333-8FDC-42A3-9474-1A3956D46DE8}") = "Samples.ElmView", "Samples.ElmView", "{36C671D1-257A-4DFC-9F03-02478D4B28E0}"
EndProject
Project("{2150E333-8FDC-42A3-9474-1A3956D46DE8}") = "GlueSample", "GlueSample", "{9F2A78E9-A043-BA1F-C33B-FFA5825F0C67}"
EndProject
Project("{2150E333-8FDC-42A3-9474-1A3956D46DE8}") = "src", "src", "{5B4D0114-E90D-70CB-005D-13D3964B42E7}"
EndProject
Project("{FAE04EC0-301F-11D3-BF4B-00C04F79EFBC}") = "GlueSample.UI", "sample\Samples.Projection\GlueSample\src\GlueSample.UI\GlueSample.UI.csproj", "{79942908-A6E6-4834-ABE9-DE51FB831FDC}"
EndProject
Project("{F2A71F9B-5D33-465A-A702-920D77279786}") = "GlueSample.Core", "sample\Samples.Projection\GlueSample\src\GlueSample.Core\GlueSample.Core.fsproj", "{191CF7DE-24B9-4A75-A6A9-934DC7C07C4D}"
EndProject
Project("{2150E333-8FDC-42A3-9474-1A3956D46DE8}") = "GlueSample.CSharp", "GlueSample.CSharp", "{3CD8E5F8-500D-57E4-BE74-FCCE9D619A38}"
EndProject
Project("{2150E333-8FDC-42A3-9474-1A3956D46DE8}") = "src", "src", "{A961A4F0-7BBB-33BA-A3F3-DE192031E14E}"
EndProject
Project("{FAE04EC0-301F-11D3-BF4B-00C04F79EFBC}") = "GlueSample.UI", "sample\Samples.Projection\GlueSample.CSharp\src\GlueSample.UI\GlueSample.UI.csproj", "{159441EA-A48D-4670-8C80-12E6519ADF93}"
EndProject
Project("{F2A71F9B-5D33-465A-A702-920D77279786}") = "GlueSample.Core", "sample\Samples.Projection\GlueSample.CSharp\src\GlueSample.Core\GlueSample.Core.fsproj", "{4676C323-6D8F-4E26-91CA-0FE8873116B5}"
EndProject
Project("{2150E333-8FDC-42A3-9474-1A3956D46DE8}") = "OpsCenterSample", "OpsCenterSample", "{117598D0-20F0-4CFA-8773-9F3E8FED43CB}"
EndProject
Project("{2150E333-8FDC-42A3-9474-1A3956D46DE8}") = "src", "src", "{C03582B8-5430-E824-9071-158314FBC243}"
EndProject
Project("{FAE04EC0-301F-11D3-BF4B-00C04F79EFBC}") = "OpsCenterSample.UI", "sample\Samples.Projection\OpsCenterSample\src\OpsCenterSample.UI\OpsCenterSample.UI.csproj", "{C98A09D6-6426-48AD-B274-261BC4D92052}"
EndProject
Project("{F2A71F9B-5D33-465A-A702-920D77279786}") = "OpsCenterSample.Core", "sample\Samples.Projection\OpsCenterSample\src\OpsCenterSample.Core\OpsCenterSample.Core.fsproj", "{68829EAD-98D6-411B-851B-4BF477315ECA}"
EndProject
Project("{2150E333-8FDC-42A3-9474-1A3956D46DE8}") = "OpsCenterSample.CSharp", "OpsCenterSample.CSharp", "{EDA1EC30-5423-A71F-44B8-F897363F9451}"
EndProject
Project("{2150E333-8FDC-42A3-9474-1A3956D46DE8}") = "src", "src", "{F26C1049-E031-9C29-6859-E3E27828B020}"
EndProject
Project("{FAE04EC0-301F-11D3-BF4B-00C04F79EFBC}") = "OpsCenterSample.UI", "sample\Samples.Projection\OpsCenterSample.CSharp\src\OpsCenterSample.UI\OpsCenterSample.UI.csproj", "{C1FF57AB-B44B-40C6-B4ED-81B23027487D}"
EndProject
Project("{F2A71F9B-5D33-465A-A702-920D77279786}") = "OpsCenterSample.Core", "sample\Samples.Projection\OpsCenterSample.CSharp\src\OpsCenterSample.Core\OpsCenterSample.Core.fsproj", "{57C69656-754C-4139-9D13-0C7552267DB5}"
EndProject
Project("{F2A71F9B-5D33-465A-A702-920D77279786}") = "Elmish.Glue.Core", "src\Elmish.Glue.Core\Elmish.Glue.Core.fsproj", "{5C894F8D-DA68-4A57-9BE4-C56C8E2B6021}"
EndProject
Project("{F2A71F9B-5D33-465A-A702-920D77279786}") = "Elmish.Avalonia.Glue.Projection", "src\Elmish.Avalonia.Glue.Projection\Elmish.Avalonia.Glue.Projection.fsproj", "{1ADCC97A-1BEA-4754-A537-665876655F50}"
EndProject
Project("{F2A71F9B-5D33-465A-A702-920D77279786}") = "Elmish.Avalonia.Glue.ElmView", "src\Elmish.Avalonia.Glue.ElmView\Elmish.Avalonia.Glue.ElmView.fsproj", "{372B0D92-3DCA-4027-ADB3-C91EC8AC2931}"
EndProject
Project("{2150E333-8FDC-42A3-9474-1A3956D46DE8}") = "ExampleMatrixSample", "ExampleMatrixSample", "{3101D780-358B-9CEE-7C83-8A50ACF8C1ED}"
EndProject
Project("{2150E333-8FDC-42A3-9474-1A3956D46DE8}") = "src", "src", "{A42A32E8-D5AD-6BEC-F1E7-D12ECEBEBAB8}"
EndProject
Project("{F2A71F9B-5D33-465A-A702-920D77279786}") = "ExampleMatrixSample.Core", "sample\Samples.Projection\ExampleMatrixSample\src\ExampleMatrixSample.Core\ExampleMatrixSample.Core.fsproj", "{73976214-201D-44FD-AE83-DB2C0F81004D}"
EndProject
Project("{FAE04EC0-301F-11D3-BF4B-00C04F79EFBC}") = "ExampleMatrixSample.UI", "sample\Samples.Projection\ExampleMatrixSample\src\ExampleMatrixSample.UI\ExampleMatrixSample.UI.csproj", "{31AA49D4-112E-4DD9-A2ED-DAD0C012A33E}"
EndProject
Project("{2150E333-8FDC-42A3-9474-1A3956D46DE8}") = "ExampleMatrixSample", "ExampleMatrixSample", "{DB0E5C9A-C56E-46F7-B79E-E292243E9634}"
EndProject
Project("{2150E333-8FDC-42A3-9474-1A3956D46DE8}") = "src", "src", "{D9C3F88C-76A7-46FD-A072-B4B0C2A2A3B5}"
EndProject
Project("{F2A71F9B-5D33-465A-A702-920D77279786}") = "ExampleMatrixSample.Core", "sample\Samples.ElmView\ExampleMatrixSample\src\ExampleMatrixSample.Core\ExampleMatrixSample.Core.fsproj", "{F7F76682-C787-4EFE-866B-E976428621FF}"
EndProject
Project("{FAE04EC0-301F-11D3-BF4B-00C04F79EFBC}") = "ExampleMatrixSample.UI", "sample\Samples.ElmView\ExampleMatrixSample\src\ExampleMatrixSample.UI\ExampleMatrixSample.UI.csproj", "{E87A49AD-AD8C-4323-9C27-33429292C47F}"
EndProject
Global
	GlobalSection(SolutionConfigurationPlatforms) = preSolution
		Debug|Any CPU = Debug|Any CPU
		Debug|x64 = Debug|x64
		Debug|x86 = Debug|x86
		Release|Any CPU = Release|Any CPU
		Release|x64 = Release|x64
		Release|x86 = Release|x86
	EndGlobalSection
	GlobalSection(ProjectConfigurationPlatforms) = postSolution
		{B8297821-6246-47C7-BD36-B62DC77F455D}.Debug|Any CPU.ActiveCfg = Debug|Any CPU
		{B8297821-6246-47C7-BD36-B62DC77F455D}.Debug|Any CPU.Build.0 = Debug|Any CPU
		{B8297821-6246-47C7-BD36-B62DC77F455D}.Debug|x64.ActiveCfg = Debug|Any CPU
		{B8297821-6246-47C7-BD36-B62DC77F455D}.Debug|x64.Build.0 = Debug|Any CPU
		{B8297821-6246-47C7-BD36-B62DC77F455D}.Debug|x86.ActiveCfg = Debug|Any CPU
		{B8297821-6246-47C7-BD36-B62DC77F455D}.Debug|x86.Build.0 = Debug|Any CPU
		{B8297821-6246-47C7-BD36-B62DC77F455D}.Release|Any CPU.ActiveCfg = Release|Any CPU
		{B8297821-6246-47C7-BD36-B62DC77F455D}.Release|Any CPU.Build.0 = Release|Any CPU
		{B8297821-6246-47C7-BD36-B62DC77F455D}.Release|x64.ActiveCfg = Release|Any CPU
		{B8297821-6246-47C7-BD36-B62DC77F455D}.Release|x64.Build.0 = Release|Any CPU
		{B8297821-6246-47C7-BD36-B62DC77F455D}.Release|x86.ActiveCfg = Release|Any CPU
		{B8297821-6246-47C7-BD36-B62DC77F455D}.Release|x86.Build.0 = Release|Any CPU
		{33422001-C07E-4980-9685-31AA54150539}.Debug|Any CPU.ActiveCfg = Debug|Any CPU
		{33422001-C07E-4980-9685-31AA54150539}.Debug|Any CPU.Build.0 = Debug|Any CPU
		{33422001-C07E-4980-9685-31AA54150539}.Debug|x64.ActiveCfg = Debug|Any CPU
		{33422001-C07E-4980-9685-31AA54150539}.Debug|x64.Build.0 = Debug|Any CPU
		{33422001-C07E-4980-9685-31AA54150539}.Debug|x86.ActiveCfg = Debug|Any CPU
		{33422001-C07E-4980-9685-31AA54150539}.Debug|x86.Build.0 = Debug|Any CPU
		{33422001-C07E-4980-9685-31AA54150539}.Release|Any CPU.ActiveCfg = Release|Any CPU
		{33422001-C07E-4980-9685-31AA54150539}.Release|Any CPU.Build.0 = Release|Any CPU
		{33422001-C07E-4980-9685-31AA54150539}.Release|x64.ActiveCfg = Release|Any CPU
		{33422001-C07E-4980-9685-31AA54150539}.Release|x64.Build.0 = Release|Any CPU
		{33422001-C07E-4980-9685-31AA54150539}.Release|x86.ActiveCfg = Release|Any CPU
		{33422001-C07E-4980-9685-31AA54150539}.Release|x86.Build.0 = Release|Any CPU
		{79942908-A6E6-4834-ABE9-DE51FB831FDC}.Debug|Any CPU.ActiveCfg = Debug|Any CPU
		{79942908-A6E6-4834-ABE9-DE51FB831FDC}.Debug|Any CPU.Build.0 = Debug|Any CPU
		{79942908-A6E6-4834-ABE9-DE51FB831FDC}.Debug|x64.ActiveCfg = Debug|Any CPU
		{79942908-A6E6-4834-ABE9-DE51FB831FDC}.Debug|x64.Build.0 = Debug|Any CPU
		{79942908-A6E6-4834-ABE9-DE51FB831FDC}.Debug|x86.ActiveCfg = Debug|Any CPU
		{79942908-A6E6-4834-ABE9-DE51FB831FDC}.Debug|x86.Build.0 = Debug|Any CPU
		{79942908-A6E6-4834-ABE9-DE51FB831FDC}.Release|Any CPU.ActiveCfg = Release|Any CPU
		{79942908-A6E6-4834-ABE9-DE51FB831FDC}.Release|Any CPU.Build.0 = Release|Any CPU
		{79942908-A6E6-4834-ABE9-DE51FB831FDC}.Release|x64.ActiveCfg = Release|Any CPU
		{79942908-A6E6-4834-ABE9-DE51FB831FDC}.Release|x64.Build.0 = Release|Any CPU
		{79942908-A6E6-4834-ABE9-DE51FB831FDC}.Release|x86.ActiveCfg = Release|Any CPU
		{79942908-A6E6-4834-ABE9-DE51FB831FDC}.Release|x86.Build.0 = Release|Any CPU
		{191CF7DE-24B9-4A75-A6A9-934DC7C07C4D}.Debug|Any CPU.ActiveCfg = Debug|Any CPU
		{191CF7DE-24B9-4A75-A6A9-934DC7C07C4D}.Debug|Any CPU.Build.0 = Debug|Any CPU
		{191CF7DE-24B9-4A75-A6A9-934DC7C07C4D}.Debug|x64.ActiveCfg = Debug|Any CPU
		{191CF7DE-24B9-4A75-A6A9-934DC7C07C4D}.Debug|x64.Build.0 = Debug|Any CPU
		{191CF7DE-24B9-4A75-A6A9-934DC7C07C4D}.Debug|x86.ActiveCfg = Debug|Any CPU
		{191CF7DE-24B9-4A75-A6A9-934DC7C07C4D}.Debug|x86.Build.0 = Debug|Any CPU
		{191CF7DE-24B9-4A75-A6A9-934DC7C07C4D}.Release|Any CPU.ActiveCfg = Release|Any CPU
		{191CF7DE-24B9-4A75-A6A9-934DC7C07C4D}.Release|Any CPU.Build.0 = Release|Any CPU
		{191CF7DE-24B9-4A75-A6A9-934DC7C07C4D}.Release|x64.ActiveCfg = Release|Any CPU
		{191CF7DE-24B9-4A75-A6A9-934DC7C07C4D}.Release|x64.Build.0 = Release|Any CPU
		{191CF7DE-24B9-4A75-A6A9-934DC7C07C4D}.Release|x86.ActiveCfg = Release|Any CPU
		{191CF7DE-24B9-4A75-A6A9-934DC7C07C4D}.Release|x86.Build.0 = Release|Any CPU
		{159441EA-A48D-4670-8C80-12E6519ADF93}.Debug|Any CPU.ActiveCfg = Debug|Any CPU
		{159441EA-A48D-4670-8C80-12E6519ADF93}.Debug|Any CPU.Build.0 = Debug|Any CPU
		{159441EA-A48D-4670-8C80-12E6519ADF93}.Debug|x64.ActiveCfg = Debug|Any CPU
		{159441EA-A48D-4670-8C80-12E6519ADF93}.Debug|x64.Build.0 = Debug|Any CPU
		{159441EA-A48D-4670-8C80-12E6519ADF93}.Debug|x86.ActiveCfg = Debug|Any CPU
		{159441EA-A48D-4670-8C80-12E6519ADF93}.Debug|x86.Build.0 = Debug|Any CPU
		{159441EA-A48D-4670-8C80-12E6519ADF93}.Release|Any CPU.ActiveCfg = Release|Any CPU
		{159441EA-A48D-4670-8C80-12E6519ADF93}.Release|Any CPU.Build.0 = Release|Any CPU
		{159441EA-A48D-4670-8C80-12E6519ADF93}.Release|x64.ActiveCfg = Release|Any CPU
		{159441EA-A48D-4670-8C80-12E6519ADF93}.Release|x64.Build.0 = Release|Any CPU
		{159441EA-A48D-4670-8C80-12E6519ADF93}.Release|x86.ActiveCfg = Release|Any CPU
		{159441EA-A48D-4670-8C80-12E6519ADF93}.Release|x86.Build.0 = Release|Any CPU
		{4676C323-6D8F-4E26-91CA-0FE8873116B5}.Debug|Any CPU.ActiveCfg = Debug|Any CPU
		{4676C323-6D8F-4E26-91CA-0FE8873116B5}.Debug|Any CPU.Build.0 = Debug|Any CPU
		{4676C323-6D8F-4E26-91CA-0FE8873116B5}.Debug|x64.ActiveCfg = Debug|Any CPU
		{4676C323-6D8F-4E26-91CA-0FE8873116B5}.Debug|x64.Build.0 = Debug|Any CPU
		{4676C323-6D8F-4E26-91CA-0FE8873116B5}.Debug|x86.ActiveCfg = Debug|Any CPU
		{4676C323-6D8F-4E26-91CA-0FE8873116B5}.Debug|x86.Build.0 = Debug|Any CPU
		{4676C323-6D8F-4E26-91CA-0FE8873116B5}.Release|Any CPU.ActiveCfg = Release|Any CPU
		{4676C323-6D8F-4E26-91CA-0FE8873116B5}.Release|Any CPU.Build.0 = Release|Any CPU
		{4676C323-6D8F-4E26-91CA-0FE8873116B5}.Release|x64.ActiveCfg = Release|Any CPU
		{4676C323-6D8F-4E26-91CA-0FE8873116B5}.Release|x64.Build.0 = Release|Any CPU
		{4676C323-6D8F-4E26-91CA-0FE8873116B5}.Release|x86.ActiveCfg = Release|Any CPU
		{4676C323-6D8F-4E26-91CA-0FE8873116B5}.Release|x86.Build.0 = Release|Any CPU
		{C98A09D6-6426-48AD-B274-261BC4D92052}.Debug|Any CPU.ActiveCfg = Debug|Any CPU
		{C98A09D6-6426-48AD-B274-261BC4D92052}.Debug|Any CPU.Build.0 = Debug|Any CPU
		{C98A09D6-6426-48AD-B274-261BC4D92052}.Debug|x64.ActiveCfg = Debug|Any CPU
		{C98A09D6-6426-48AD-B274-261BC4D92052}.Debug|x64.Build.0 = Debug|Any CPU
		{C98A09D6-6426-48AD-B274-261BC4D92052}.Debug|x86.ActiveCfg = Debug|Any CPU
		{C98A09D6-6426-48AD-B274-261BC4D92052}.Debug|x86.Build.0 = Debug|Any CPU
		{C98A09D6-6426-48AD-B274-261BC4D92052}.Release|Any CPU.ActiveCfg = Release|Any CPU
		{C98A09D6-6426-48AD-B274-261BC4D92052}.Release|Any CPU.Build.0 = Release|Any CPU
		{C98A09D6-6426-48AD-B274-261BC4D92052}.Release|x64.ActiveCfg = Release|Any CPU
		{C98A09D6-6426-48AD-B274-261BC4D92052}.Release|x64.Build.0 = Release|Any CPU
		{C98A09D6-6426-48AD-B274-261BC4D92052}.Release|x86.ActiveCfg = Release|Any CPU
		{C98A09D6-6426-48AD-B274-261BC4D92052}.Release|x86.Build.0 = Release|Any CPU
		{68829EAD-98D6-411B-851B-4BF477315ECA}.Debug|Any CPU.ActiveCfg = Debug|Any CPU
		{68829EAD-98D6-411B-851B-4BF477315ECA}.Debug|Any CPU.Build.0 = Debug|Any CPU
		{68829EAD-98D6-411B-851B-4BF477315ECA}.Debug|x64.ActiveCfg = Debug|Any CPU
		{68829EAD-98D6-411B-851B-4BF477315ECA}.Debug|x64.Build.0 = Debug|Any CPU
		{68829EAD-98D6-411B-851B-4BF477315ECA}.Debug|x86.ActiveCfg = Debug|Any CPU
		{68829EAD-98D6-411B-851B-4BF477315ECA}.Debug|x86.Build.0 = Debug|Any CPU
		{68829EAD-98D6-411B-851B-4BF477315ECA}.Release|Any CPU.ActiveCfg = Release|Any CPU
		{68829EAD-98D6-411B-851B-4BF477315ECA}.Release|Any CPU.Build.0 = Release|Any CPU
		{68829EAD-98D6-411B-851B-4BF477315ECA}.Release|x64.ActiveCfg = Release|Any CPU
		{68829EAD-98D6-411B-851B-4BF477315ECA}.Release|x64.Build.0 = Release|Any CPU
		{68829EAD-98D6-411B-851B-4BF477315ECA}.Release|x86.ActiveCfg = Release|Any CPU
		{68829EAD-98D6-411B-851B-4BF477315ECA}.Release|x86.Build.0 = Release|Any CPU
		{C1FF57AB-B44B-40C6-B4ED-81B23027487D}.Debug|Any CPU.ActiveCfg = Debug|Any CPU
		{C1FF57AB-B44B-40C6-B4ED-81B23027487D}.Debug|Any CPU.Build.0 = Debug|Any CPU
		{C1FF57AB-B44B-40C6-B4ED-81B23027487D}.Debug|x64.ActiveCfg = Debug|Any CPU
		{C1FF57AB-B44B-40C6-B4ED-81B23027487D}.Debug|x64.Build.0 = Debug|Any CPU
		{C1FF57AB-B44B-40C6-B4ED-81B23027487D}.Debug|x86.ActiveCfg = Debug|Any CPU
		{C1FF57AB-B44B-40C6-B4ED-81B23027487D}.Debug|x86.Build.0 = Debug|Any CPU
		{C1FF57AB-B44B-40C6-B4ED-81B23027487D}.Release|Any CPU.ActiveCfg = Release|Any CPU
		{C1FF57AB-B44B-40C6-B4ED-81B23027487D}.Release|Any CPU.Build.0 = Release|Any CPU
		{C1FF57AB-B44B-40C6-B4ED-81B23027487D}.Release|x64.ActiveCfg = Release|Any CPU
		{C1FF57AB-B44B-40C6-B4ED-81B23027487D}.Release|x64.Build.0 = Release|Any CPU
		{C1FF57AB-B44B-40C6-B4ED-81B23027487D}.Release|x86.ActiveCfg = Release|Any CPU
		{C1FF57AB-B44B-40C6-B4ED-81B23027487D}.Release|x86.Build.0 = Release|Any CPU
		{57C69656-754C-4139-9D13-0C7552267DB5}.Debug|Any CPU.ActiveCfg = Debug|Any CPU
		{57C69656-754C-4139-9D13-0C7552267DB5}.Debug|Any CPU.Build.0 = Debug|Any CPU
		{57C69656-754C-4139-9D13-0C7552267DB5}.Debug|x64.ActiveCfg = Debug|Any CPU
		{57C69656-754C-4139-9D13-0C7552267DB5}.Debug|x64.Build.0 = Debug|Any CPU
		{57C69656-754C-4139-9D13-0C7552267DB5}.Debug|x86.ActiveCfg = Debug|Any CPU
		{57C69656-754C-4139-9D13-0C7552267DB5}.Debug|x86.Build.0 = Debug|Any CPU
		{57C69656-754C-4139-9D13-0C7552267DB5}.Release|Any CPU.ActiveCfg = Release|Any CPU
		{57C69656-754C-4139-9D13-0C7552267DB5}.Release|Any CPU.Build.0 = Release|Any CPU
		{57C69656-754C-4139-9D13-0C7552267DB5}.Release|x64.ActiveCfg = Release|Any CPU
		{57C69656-754C-4139-9D13-0C7552267DB5}.Release|x64.Build.0 = Release|Any CPU
		{57C69656-754C-4139-9D13-0C7552267DB5}.Release|x86.ActiveCfg = Release|Any CPU
		{57C69656-754C-4139-9D13-0C7552267DB5}.Release|x86.Build.0 = Release|Any CPU
		{5C894F8D-DA68-4A57-9BE4-C56C8E2B6021}.Debug|Any CPU.ActiveCfg = Debug|Any CPU
		{5C894F8D-DA68-4A57-9BE4-C56C8E2B6021}.Debug|Any CPU.Build.0 = Debug|Any CPU
		{5C894F8D-DA68-4A57-9BE4-C56C8E2B6021}.Debug|x64.ActiveCfg = Debug|Any CPU
		{5C894F8D-DA68-4A57-9BE4-C56C8E2B6021}.Debug|x64.Build.0 = Debug|Any CPU
		{5C894F8D-DA68-4A57-9BE4-C56C8E2B6021}.Debug|x86.ActiveCfg = Debug|Any CPU
		{5C894F8D-DA68-4A57-9BE4-C56C8E2B6021}.Debug|x86.Build.0 = Debug|Any CPU
		{5C894F8D-DA68-4A57-9BE4-C56C8E2B6021}.Release|Any CPU.ActiveCfg = Release|Any CPU
		{5C894F8D-DA68-4A57-9BE4-C56C8E2B6021}.Release|Any CPU.Build.0 = Release|Any CPU
		{5C894F8D-DA68-4A57-9BE4-C56C8E2B6021}.Release|x64.ActiveCfg = Release|Any CPU
		{5C894F8D-DA68-4A57-9BE4-C56C8E2B6021}.Release|x64.Build.0 = Release|Any CPU
		{5C894F8D-DA68-4A57-9BE4-C56C8E2B6021}.Release|x86.ActiveCfg = Release|Any CPU
		{5C894F8D-DA68-4A57-9BE4-C56C8E2B6021}.Release|x86.Build.0 = Release|Any CPU
		{1ADCC97A-1BEA-4754-A537-665876655F50}.Debug|Any CPU.ActiveCfg = Debug|Any CPU
		{1ADCC97A-1BEA-4754-A537-665876655F50}.Debug|Any CPU.Build.0 = Debug|Any CPU
		{1ADCC97A-1BEA-4754-A537-665876655F50}.Debug|x64.ActiveCfg = Debug|Any CPU
		{1ADCC97A-1BEA-4754-A537-665876655F50}.Debug|x64.Build.0 = Debug|Any CPU
		{1ADCC97A-1BEA-4754-A537-665876655F50}.Debug|x86.ActiveCfg = Debug|Any CPU
		{1ADCC97A-1BEA-4754-A537-665876655F50}.Debug|x86.Build.0 = Debug|Any CPU
		{1ADCC97A-1BEA-4754-A537-665876655F50}.Release|Any CPU.ActiveCfg = Release|Any CPU
		{1ADCC97A-1BEA-4754-A537-665876655F50}.Release|Any CPU.Build.0 = Release|Any CPU
		{1ADCC97A-1BEA-4754-A537-665876655F50}.Release|x64.ActiveCfg = Release|Any CPU
		{1ADCC97A-1BEA-4754-A537-665876655F50}.Release|x64.Build.0 = Release|Any CPU
		{1ADCC97A-1BEA-4754-A537-665876655F50}.Release|x86.ActiveCfg = Release|Any CPU
		{1ADCC97A-1BEA-4754-A537-665876655F50}.Release|x86.Build.0 = Release|Any CPU
		{372B0D92-3DCA-4027-ADB3-C91EC8AC2931}.Debug|Any CPU.ActiveCfg = Debug|Any CPU
		{372B0D92-3DCA-4027-ADB3-C91EC8AC2931}.Debug|Any CPU.Build.0 = Debug|Any CPU
		{372B0D92-3DCA-4027-ADB3-C91EC8AC2931}.Debug|x64.ActiveCfg = Debug|Any CPU
		{372B0D92-3DCA-4027-ADB3-C91EC8AC2931}.Debug|x64.Build.0 = Debug|Any CPU
		{372B0D92-3DCA-4027-ADB3-C91EC8AC2931}.Debug|x86.ActiveCfg = Debug|Any CPU
		{372B0D92-3DCA-4027-ADB3-C91EC8AC2931}.Debug|x86.Build.0 = Debug|Any CPU
		{372B0D92-3DCA-4027-ADB3-C91EC8AC2931}.Release|Any CPU.ActiveCfg = Release|Any CPU
		{372B0D92-3DCA-4027-ADB3-C91EC8AC2931}.Release|Any CPU.Build.0 = Release|Any CPU
		{372B0D92-3DCA-4027-ADB3-C91EC8AC2931}.Release|x64.ActiveCfg = Release|Any CPU
		{372B0D92-3DCA-4027-ADB3-C91EC8AC2931}.Release|x64.Build.0 = Release|Any CPU
		{372B0D92-3DCA-4027-ADB3-C91EC8AC2931}.Release|x86.ActiveCfg = Release|Any CPU
		{372B0D92-3DCA-4027-ADB3-C91EC8AC2931}.Release|x86.Build.0 = Release|Any CPU
		{73976214-201D-44FD-AE83-DB2C0F81004D}.Debug|Any CPU.ActiveCfg = Debug|Any CPU
		{73976214-201D-44FD-AE83-DB2C0F81004D}.Debug|x64.ActiveCfg = Debug|Any CPU
		{73976214-201D-44FD-AE83-DB2C0F81004D}.Debug|x86.ActiveCfg = Debug|Any CPU
		{73976214-201D-44FD-AE83-DB2C0F81004D}.Release|Any CPU.ActiveCfg = Release|Any CPU
		{73976214-201D-44FD-AE83-DB2C0F81004D}.Release|x64.ActiveCfg = Release|Any CPU
		{73976214-201D-44FD-AE83-DB2C0F81004D}.Release|x86.ActiveCfg = Release|Any CPU
		{31AA49D4-112E-4DD9-A2ED-DAD0C012A33E}.Debug|Any CPU.ActiveCfg = Debug|Any CPU
		{31AA49D4-112E-4DD9-A2ED-DAD0C012A33E}.Debug|x64.ActiveCfg = Debug|Any CPU
		{31AA49D4-112E-4DD9-A2ED-DAD0C012A33E}.Debug|x86.ActiveCfg = Debug|Any CPU
		{31AA49D4-112E-4DD9-A2ED-DAD0C012A33E}.Release|Any CPU.ActiveCfg = Release|Any CPU
		{31AA49D4-112E-4DD9-A2ED-DAD0C012A33E}.Release|x64.ActiveCfg = Release|Any CPU
		{31AA49D4-112E-4DD9-A2ED-DAD0C012A33E}.Release|x86.ActiveCfg = Release|Any CPU
		{F7F76682-C787-4EFE-866B-E976428621FF}.Debug|Any CPU.ActiveCfg = Debug|Any CPU
		{F7F76682-C787-4EFE-866B-E976428621FF}.Debug|x64.ActiveCfg = Debug|Any CPU
		{F7F76682-C787-4EFE-866B-E976428621FF}.Debug|x86.ActiveCfg = Debug|Any CPU
		{F7F76682-C787-4EFE-866B-E976428621FF}.Release|Any CPU.ActiveCfg = Release|Any CPU
		{F7F76682-C787-4EFE-866B-E976428621FF}.Release|x64.ActiveCfg = Release|Any CPU
		{F7F76682-C787-4EFE-866B-E976428621FF}.Release|x86.ActiveCfg = Release|Any CPU
		{E87A49AD-AD8C-4323-9C27-33429292C47F}.Debug|Any CPU.ActiveCfg = Debug|Any CPU
		{E87A49AD-AD8C-4323-9C27-33429292C47F}.Debug|x64.ActiveCfg = Debug|Any CPU
		{E87A49AD-AD8C-4323-9C27-33429292C47F}.Debug|x86.ActiveCfg = Debug|Any CPU
		{E87A49AD-AD8C-4323-9C27-33429292C47F}.Release|Any CPU.ActiveCfg = Release|Any CPU
		{E87A49AD-AD8C-4323-9C27-33429292C47F}.Release|x64.ActiveCfg = Release|Any CPU
		{E87A49AD-AD8C-4323-9C27-33429292C47F}.Release|x86.ActiveCfg = Release|Any CPU
	EndGlobalSection
	GlobalSection(SolutionProperties) = preSolution
		HideSolutionNode = FALSE
	EndGlobalSection
	GlobalSection(NestedProjects) = preSolution
		{B8297821-6246-47C7-BD36-B62DC77F455D} = {08408895-09B5-4B90-AF07-4B6CD7123E00}
		{33422001-C07E-4980-9685-31AA54150539} = {C81A09CB-EA96-49D9-8D83-F8D9D33B0A76}
		{8A455296-DFDF-4CB8-8379-9B26D74FCA76} = {4F9DEAE5-078F-E77A-2E4A-FEB6FFE226FF}
		{36C671D1-257A-4DFC-9F03-02478D4B28E0} = {4F9DEAE5-078F-E77A-2E4A-FEB6FFE226FF}
		{9F2A78E9-A043-BA1F-C33B-FFA5825F0C67} = {8A455296-DFDF-4CB8-8379-9B26D74FCA76}
		{5B4D0114-E90D-70CB-005D-13D3964B42E7} = {9F2A78E9-A043-BA1F-C33B-FFA5825F0C67}
		{79942908-A6E6-4834-ABE9-DE51FB831FDC} = {5B4D0114-E90D-70CB-005D-13D3964B42E7}
		{191CF7DE-24B9-4A75-A6A9-934DC7C07C4D} = {5B4D0114-E90D-70CB-005D-13D3964B42E7}
		{3CD8E5F8-500D-57E4-BE74-FCCE9D619A38} = {8A455296-DFDF-4CB8-8379-9B26D74FCA76}
		{A961A4F0-7BBB-33BA-A3F3-DE192031E14E} = {3CD8E5F8-500D-57E4-BE74-FCCE9D619A38}
		{159441EA-A48D-4670-8C80-12E6519ADF93} = {A961A4F0-7BBB-33BA-A3F3-DE192031E14E}
		{4676C323-6D8F-4E26-91CA-0FE8873116B5} = {A961A4F0-7BBB-33BA-A3F3-DE192031E14E}
		{117598D0-20F0-4CFA-8773-9F3E8FED43CB} = {8A455296-DFDF-4CB8-8379-9B26D74FCA76}
		{C03582B8-5430-E824-9071-158314FBC243} = {117598D0-20F0-4CFA-8773-9F3E8FED43CB}
		{C98A09D6-6426-48AD-B274-261BC4D92052} = {C03582B8-5430-E824-9071-158314FBC243}
		{68829EAD-98D6-411B-851B-4BF477315ECA} = {C03582B8-5430-E824-9071-158314FBC243}
		{EDA1EC30-5423-A71F-44B8-F897363F9451} = {8A455296-DFDF-4CB8-8379-9B26D74FCA76}
		{F26C1049-E031-9C29-6859-E3E27828B020} = {EDA1EC30-5423-A71F-44B8-F897363F9451}
		{C1FF57AB-B44B-40C6-B4ED-81B23027487D} = {F26C1049-E031-9C29-6859-E3E27828B020}
		{57C69656-754C-4139-9D13-0C7552267DB5} = {F26C1049-E031-9C29-6859-E3E27828B020}
		{3101D780-358B-9CEE-7C83-8A50ACF8C1ED} = {8A455296-DFDF-4CB8-8379-9B26D74FCA76}
		{A42A32E8-D5AD-6BEC-F1E7-D12ECEBEBAB8} = {3101D780-358B-9CEE-7C83-8A50ACF8C1ED}
		{73976214-201D-44FD-AE83-DB2C0F81004D} = {A42A32E8-D5AD-6BEC-F1E7-D12ECEBEBAB8}
		{31AA49D4-112E-4DD9-A2ED-DAD0C012A33E} = {A42A32E8-D5AD-6BEC-F1E7-D12ECEBEBAB8}
		{DB0E5C9A-C56E-46F7-B79E-E292243E9634} = {36C671D1-257A-4DFC-9F03-02478D4B28E0}
		{D9C3F88C-76A7-46FD-A072-B4B0C2A2A3B5} = {DB0E5C9A-C56E-46F7-B79E-E292243E9634}
		{F7F76682-C787-4EFE-866B-E976428621FF} = {D9C3F88C-76A7-46FD-A072-B4B0C2A2A3B5}
		{E87A49AD-AD8C-4323-9C27-33429292C47F} = {D9C3F88C-76A7-46FD-A072-B4B0C2A2A3B5}
		{5C894F8D-DA68-4A57-9BE4-C56C8E2B6021} = {08408895-09B5-4B90-AF07-4B6CD7123E00}
		{1ADCC97A-1BEA-4754-A537-665876655F50} = {08408895-09B5-4B90-AF07-4B6CD7123E00}
		{372B0D92-3DCA-4027-ADB3-C91EC8AC2931} = {08408895-09B5-4B90-AF07-4B6CD7123E00}
	EndGlobalSection
EndGlobal
