
Microsoft Visual Studio Solution File, Format Version 12.00
# Visual Studio Version 17
VisualStudioVersion = 17.0.31903.59
MinimumVisualStudioVersion = 10.0.40219.1
Project("{2150E333-8FDC-42A3-9474-1A3956D46DE8}") = "GlueSample", "GlueSample", "{02EF2390-E767-7EF3-E793-5BA23678925A}"
EndProject
Project("{2150E333-8FDC-42A3-9474-1A3956D46DE8}") = "src", "src", "{5F0D731B-C4A1-C9EE-B532-2F1CB5348551}"
EndProject
Project("{F2A71F9B-5D33-465A-A702-920D77279786}") = "GlueSample.Core", "GlueSample\src\GlueSample.Core\GlueSample.Core.fsproj", "{3002605F-2191-412E-8FBE-9FA99BA0500A}"
EndProject
Project("{FAE04EC0-301F-11D3-BF4B-00C04F79EFBC}") = "GlueSample.UI", "GlueSample\src\GlueSample.UI\GlueSample.UI.csproj", "{F7C9FC3C-0DCC-470A-B03E-8C65EB4C6533}"
EndProject
Project("{F2A71F9B-5D33-465A-A702-920D77279786}") = "Elmish.Avalonia.Glue", "..\..\src\Elmish.Avalonia.Glue\Elmish.Avalonia.Glue.fsproj", "{7C421C38-7AE9-4B02-8B2F-5A7718B6071D}"
EndProject
Project("{F2A71F9B-5D33-465A-A702-920D77279786}") = "Elmish.Glue.Core", "..\..\src\Elmish.Glue.Core\Elmish.Glue.Core.fsproj", "{E2B6FE45-A300-42D9-84E4-1A1FA54DC2CC}"
EndProject
Project("{2150E333-8FDC-42A3-9474-1A3956D46DE8}") = "GlueSample.CSharp", "GlueSample.CSharp", "{2F7D7215-068A-8E7D-D705-6DD762F6F66D}"
EndProject
Project("{2150E333-8FDC-42A3-9474-1A3956D46DE8}") = "src", "src", "{283515DD-D10B-F587-300D-814C3382A33F}"
EndProject
Project("{F2A71F9B-5D33-465A-A702-920D77279786}") = "GlueSample.Core", "GlueSample.CSharp\src\GlueSample.Core\GlueSample.Core.fsproj", "{CAACB3BA-E839-4C17-BA22-D112927E158D}"
EndProject
Project("{FAE04EC0-301F-11D3-BF4B-00C04F79EFBC}") = "GlueSample.UI", "GlueSample.CSharp\src\GlueSample.UI\GlueSample.UI.csproj", "{94EE54E7-9222-48DF-AB55-C488D395F672}"
EndProject
Project("{2150E333-8FDC-42A3-9474-1A3956D46DE8}") = "OpsCenterSample", "OpsCenterSample", "{95434D43-B8AC-1352-C9C1-063F801CF967}"
EndProject
Project("{2150E333-8FDC-42A3-9474-1A3956D46DE8}") = "src", "src", "{7B931B0D-DD1E-4016-3D68-77A00370799B}"
EndProject
Project("{F2A71F9B-5D33-465A-A702-920D77279786}") = "OpsCenterSample.Core", "OpsCenterSample\src\OpsCenterSample.Core\OpsCenterSample.Core.fsproj", "{88AE1C6B-6DF3-40BD-911E-C3484BB2EC5E}"
EndProject
Project("{FAE04EC0-301F-11D3-BF4B-00C04F79EFBC}") = "OpsCenterSample.UI", "OpsCenterSample\src\OpsCenterSample.UI\OpsCenterSample.UI.csproj", "{9A5D7C50-9282-4E95-B38D-7275E0935DC4}"
EndProject
Project("{2150E333-8FDC-42A3-9474-1A3956D46DE8}") = "OpsCenterSample.CSharp", "OpsCenterSample.CSharp", "{1CA6C9E2-C031-DCDD-1692-CBEE3C0E26E9}"
EndProject
Project("{2150E333-8FDC-42A3-9474-1A3956D46DE8}") = "src", "src", "{F980D6BB-CB18-9600-1FCE-3338347F0A31}"
EndProject
Project("{F2A71F9B-5D33-465A-A702-920D77279786}") = "OpsCenterSample.Core", "OpsCenterSample.CSharp\src\OpsCenterSample.Core\OpsCenterSample.Core.fsproj", "{1CEAC815-6614-4513-93CF-20EC0108AD2A}"
EndProject
Project("{FAE04EC0-301F-11D3-BF4B-00C04F79EFBC}") = "OpsCenterSample.UI", "OpsCenterSample.CSharp\src\OpsCenterSample.UI\OpsCenterSample.UI.csproj", "{318B80AB-9352-47EA-83AB-6796D121408A}"
EndProject
Global
	GlobalSection(SolutionConfigurationPlatforms) = preSolution
		Debug|Any CPU = Debug|Any CPU
		Debug|x64 = Debug|x64
		Debug|x86 = Debug|x86
		Release|Any CPU = Release|Any CPU
		Release|x64 = Release|x64
		Release|x86 = Release|x86
	EndGlobalSection
	GlobalSection(ProjectConfigurationPlatforms) = postSolution
		{3002605F-2191-412E-8FBE-9FA99BA0500A}.Debug|Any CPU.ActiveCfg = Debug|Any CPU
		{3002605F-2191-412E-8FBE-9FA99BA0500A}.Debug|Any CPU.Build.0 = Debug|Any CPU
		{3002605F-2191-412E-8FBE-9FA99BA0500A}.Debug|x64.ActiveCfg = Debug|Any CPU
		{3002605F-2191-412E-8FBE-9FA99BA0500A}.Debug|x64.Build.0 = Debug|Any CPU
		{3002605F-2191-412E-8FBE-9FA99BA0500A}.Debug|x86.ActiveCfg = Debug|Any CPU
		{3002605F-2191-412E-8FBE-9FA99BA0500A}.Debug|x86.Build.0 = Debug|Any CPU
		{3002605F-2191-412E-8FBE-9FA99BA0500A}.Release|Any CPU.ActiveCfg = Release|Any CPU
		{3002605F-2191-412E-8FBE-9FA99BA0500A}.Release|Any CPU.Build.0 = Release|Any CPU
		{3002605F-2191-412E-8FBE-9FA99BA0500A}.Release|x64.ActiveCfg = Release|Any CPU
		{3002605F-2191-412E-8FBE-9FA99BA0500A}.Release|x64.Build.0 = Release|Any CPU
		{3002605F-2191-412E-8FBE-9FA99BA0500A}.Release|x86.ActiveCfg = Release|Any CPU
		{3002605F-2191-412E-8FBE-9FA99BA0500A}.Release|x86.Build.0 = Release|Any CPU
		{F7C9FC3C-0DCC-470A-B03E-8C65EB4C6533}.Debug|Any CPU.ActiveCfg = Debug|Any CPU
		{F7C9FC3C-0DCC-470A-B03E-8C65EB4C6533}.Debug|Any CPU.Build.0 = Debug|Any CPU
		{F7C9FC3C-0DCC-470A-B03E-8C65EB4C6533}.Debug|x64.ActiveCfg = Debug|Any CPU
		{F7C9FC3C-0DCC-470A-B03E-8C65EB4C6533}.Debug|x64.Build.0 = Debug|Any CPU
		{F7C9FC3C-0DCC-470A-B03E-8C65EB4C6533}.Debug|x86.ActiveCfg = Debug|Any CPU
		{F7C9FC3C-0DCC-470A-B03E-8C65EB4C6533}.Debug|x86.Build.0 = Debug|Any CPU
		{F7C9FC3C-0DCC-470A-B03E-8C65EB4C6533}.Release|Any CPU.ActiveCfg = Release|Any CPU
		{F7C9FC3C-0DCC-470A-B03E-8C65EB4C6533}.Release|Any CPU.Build.0 = Release|Any CPU
		{F7C9FC3C-0DCC-470A-B03E-8C65EB4C6533}.Release|x64.ActiveCfg = Release|Any CPU
		{F7C9FC3C-0DCC-470A-B03E-8C65EB4C6533}.Release|x64.Build.0 = Release|Any CPU
		{F7C9FC3C-0DCC-470A-B03E-8C65EB4C6533}.Release|x86.ActiveCfg = Release|Any CPU
		{F7C9FC3C-0DCC-470A-B03E-8C65EB4C6533}.Release|x86.Build.0 = Release|Any CPU
		{7C421C38-7AE9-4B02-8B2F-5A7718B6071D}.Debug|Any CPU.ActiveCfg = Debug|Any CPU
		{7C421C38-7AE9-4B02-8B2F-5A7718B6071D}.Debug|Any CPU.Build.0 = Debug|Any CPU
		{7C421C38-7AE9-4B02-8B2F-5A7718B6071D}.Debug|x64.ActiveCfg = Debug|Any CPU
		{7C421C38-7AE9-4B02-8B2F-5A7718B6071D}.Debug|x64.Build.0 = Debug|Any CPU
		{7C421C38-7AE9-4B02-8B2F-5A7718B6071D}.Debug|x86.ActiveCfg = Debug|Any CPU
		{7C421C38-7AE9-4B02-8B2F-5A7718B6071D}.Debug|x86.Build.0 = Debug|Any CPU
		{7C421C38-7AE9-4B02-8B2F-5A7718B6071D}.Release|Any CPU.ActiveCfg = Release|Any CPU
		{7C421C38-7AE9-4B02-8B2F-5A7718B6071D}.Release|Any CPU.Build.0 = Release|Any CPU
		{7C421C38-7AE9-4B02-8B2F-5A7718B6071D}.Release|x64.ActiveCfg = Release|Any CPU
		{7C421C38-7AE9-4B02-8B2F-5A7718B6071D}.Release|x64.Build.0 = Release|Any CPU
		{7C421C38-7AE9-4B02-8B2F-5A7718B6071D}.Release|x86.ActiveCfg = Release|Any CPU
		{7C421C38-7AE9-4B02-8B2F-5A7718B6071D}.Release|x86.Build.0 = Release|Any CPU
		{E2B6FE45-A300-42D9-84E4-1A1FA54DC2CC}.Debug|Any CPU.ActiveCfg = Debug|Any CPU
		{E2B6FE45-A300-42D9-84E4-1A1FA54DC2CC}.Debug|Any CPU.Build.0 = Debug|Any CPU
		{E2B6FE45-A300-42D9-84E4-1A1FA54DC2CC}.Debug|x64.ActiveCfg = Debug|Any CPU
		{E2B6FE45-A300-42D9-84E4-1A1FA54DC2CC}.Debug|x64.Build.0 = Debug|Any CPU
		{E2B6FE45-A300-42D9-84E4-1A1FA54DC2CC}.Debug|x86.ActiveCfg = Debug|Any CPU
		{E2B6FE45-A300-42D9-84E4-1A1FA54DC2CC}.Debug|x86.Build.0 = Debug|Any CPU
		{E2B6FE45-A300-42D9-84E4-1A1FA54DC2CC}.Release|Any CPU.ActiveCfg = Release|Any CPU
		{E2B6FE45-A300-42D9-84E4-1A1FA54DC2CC}.Release|Any CPU.Build.0 = Release|Any CPU
		{E2B6FE45-A300-42D9-84E4-1A1FA54DC2CC}.Release|x64.ActiveCfg = Release|Any CPU
		{E2B6FE45-A300-42D9-84E4-1A1FA54DC2CC}.Release|x64.Build.0 = Release|Any CPU
		{E2B6FE45-A300-42D9-84E4-1A1FA54DC2CC}.Release|x86.ActiveCfg = Release|Any CPU
		{E2B6FE45-A300-42D9-84E4-1A1FA54DC2CC}.Release|x86.Build.0 = Release|Any CPU
		{CAACB3BA-E839-4C17-BA22-D112927E158D}.Debug|Any CPU.ActiveCfg = Debug|Any CPU
		{CAACB3BA-E839-4C17-BA22-D112927E158D}.Debug|Any CPU.Build.0 = Debug|Any CPU
		{CAACB3BA-E839-4C17-BA22-D112927E158D}.Debug|x64.ActiveCfg = Debug|Any CPU
		{CAACB3BA-E839-4C17-BA22-D112927E158D}.Debug|x64.Build.0 = Debug|Any CPU
		{CAACB3BA-E839-4C17-BA22-D112927E158D}.Debug|x86.ActiveCfg = Debug|Any CPU
		{CAACB3BA-E839-4C17-BA22-D112927E158D}.Debug|x86.Build.0 = Debug|Any CPU
		{CAACB3BA-E839-4C17-BA22-D112927E158D}.Release|Any CPU.ActiveCfg = Release|Any CPU
		{CAACB3BA-E839-4C17-BA22-D112927E158D}.Release|Any CPU.Build.0 = Release|Any CPU
		{CAACB3BA-E839-4C17-BA22-D112927E158D}.Release|x64.ActiveCfg = Release|Any CPU
		{CAACB3BA-E839-4C17-BA22-D112927E158D}.Release|x64.Build.0 = Release|Any CPU
		{CAACB3BA-E839-4C17-BA22-D112927E158D}.Release|x86.ActiveCfg = Release|Any CPU
		{CAACB3BA-E839-4C17-BA22-D112927E158D}.Release|x86.Build.0 = Release|Any CPU
		{94EE54E7-9222-48DF-AB55-C488D395F672}.Debug|Any CPU.ActiveCfg = Debug|Any CPU
		{94EE54E7-9222-48DF-AB55-C488D395F672}.Debug|Any CPU.Build.0 = Debug|Any CPU
		{94EE54E7-9222-48DF-AB55-C488D395F672}.Debug|x64.ActiveCfg = Debug|Any CPU
		{94EE54E7-9222-48DF-AB55-C488D395F672}.Debug|x64.Build.0 = Debug|Any CPU
		{94EE54E7-9222-48DF-AB55-C488D395F672}.Debug|x86.ActiveCfg = Debug|Any CPU
		{94EE54E7-9222-48DF-AB55-C488D395F672}.Debug|x86.Build.0 = Debug|Any CPU
		{94EE54E7-9222-48DF-AB55-C488D395F672}.Release|Any CPU.ActiveCfg = Release|Any CPU
		{94EE54E7-9222-48DF-AB55-C488D395F672}.Release|Any CPU.Build.0 = Release|Any CPU
		{94EE54E7-9222-48DF-AB55-C488D395F672}.Release|x64.ActiveCfg = Release|Any CPU
		{94EE54E7-9222-48DF-AB55-C488D395F672}.Release|x64.Build.0 = Release|Any CPU
		{94EE54E7-9222-48DF-AB55-C488D395F672}.Release|x86.ActiveCfg = Release|Any CPU
		{94EE54E7-9222-48DF-AB55-C488D395F672}.Release|x86.Build.0 = Release|Any CPU
		{88AE1C6B-6DF3-40BD-911E-C3484BB2EC5E}.Debug|Any CPU.ActiveCfg = Debug|Any CPU
		{88AE1C6B-6DF3-40BD-911E-C3484BB2EC5E}.Debug|Any CPU.Build.0 = Debug|Any CPU
		{88AE1C6B-6DF3-40BD-911E-C3484BB2EC5E}.Debug|x64.ActiveCfg = Debug|Any CPU
		{88AE1C6B-6DF3-40BD-911E-C3484BB2EC5E}.Debug|x64.Build.0 = Debug|Any CPU
		{88AE1C6B-6DF3-40BD-911E-C3484BB2EC5E}.Debug|x86.ActiveCfg = Debug|Any CPU
		{88AE1C6B-6DF3-40BD-911E-C3484BB2EC5E}.Debug|x86.Build.0 = Debug|Any CPU
		{88AE1C6B-6DF3-40BD-911E-C3484BB2EC5E}.Release|Any CPU.ActiveCfg = Release|Any CPU
		{88AE1C6B-6DF3-40BD-911E-C3484BB2EC5E}.Release|Any CPU.Build.0 = Release|Any CPU
		{88AE1C6B-6DF3-40BD-911E-C3484BB2EC5E}.Release|x64.ActiveCfg = Release|Any CPU
		{88AE1C6B-6DF3-40BD-911E-C3484BB2EC5E}.Release|x64.Build.0 = Release|Any CPU
		{88AE1C6B-6DF3-40BD-911E-C3484BB2EC5E}.Release|x86.ActiveCfg = Release|Any CPU
		{88AE1C6B-6DF3-40BD-911E-C3484BB2EC5E}.Release|x86.Build.0 = Release|Any CPU
		{9A5D7C50-9282-4E95-B38D-7275E0935DC4}.Debug|Any CPU.ActiveCfg = Debug|Any CPU
		{9A5D7C50-9282-4E95-B38D-7275E0935DC4}.Debug|Any CPU.Build.0 = Debug|Any CPU
		{9A5D7C50-9282-4E95-B38D-7275E0935DC4}.Debug|x64.ActiveCfg = Debug|Any CPU
		{9A5D7C50-9282-4E95-B38D-7275E0935DC4}.Debug|x64.Build.0 = Debug|Any CPU
		{9A5D7C50-9282-4E95-B38D-7275E0935DC4}.Debug|x86.ActiveCfg = Debug|Any CPU
		{9A5D7C50-9282-4E95-B38D-7275E0935DC4}.Debug|x86.Build.0 = Debug|Any CPU
		{9A5D7C50-9282-4E95-B38D-7275E0935DC4}.Release|Any CPU.ActiveCfg = Release|Any CPU
		{9A5D7C50-9282-4E95-B38D-7275E0935DC4}.Release|Any CPU.Build.0 = Release|Any CPU
		{9A5D7C50-9282-4E95-B38D-7275E0935DC4}.Release|x64.ActiveCfg = Release|Any CPU
		{9A5D7C50-9282-4E95-B38D-7275E0935DC4}.Release|x64.Build.0 = Release|Any CPU
		{9A5D7C50-9282-4E95-B38D-7275E0935DC4}.Release|x86.ActiveCfg = Release|Any CPU
		{9A5D7C50-9282-4E95-B38D-7275E0935DC4}.Release|x86.Build.0 = Release|Any CPU
		{1CEAC815-6614-4513-93CF-20EC0108AD2A}.Debug|Any CPU.ActiveCfg = Debug|Any CPU
		{1CEAC815-6614-4513-93CF-20EC0108AD2A}.Debug|Any CPU.Build.0 = Debug|Any CPU
		{1CEAC815-6614-4513-93CF-20EC0108AD2A}.Debug|x64.ActiveCfg = Debug|Any CPU
		{1CEAC815-6614-4513-93CF-20EC0108AD2A}.Debug|x64.Build.0 = Debug|Any CPU
		{1CEAC815-6614-4513-93CF-20EC0108AD2A}.Debug|x86.ActiveCfg = Debug|Any CPU
		{1CEAC815-6614-4513-93CF-20EC0108AD2A}.Debug|x86.Build.0 = Debug|Any CPU
		{1CEAC815-6614-4513-93CF-20EC0108AD2A}.Release|Any CPU.ActiveCfg = Release|Any CPU
		{1CEAC815-6614-4513-93CF-20EC0108AD2A}.Release|Any CPU.Build.0 = Release|Any CPU
		{1CEAC815-6614-4513-93CF-20EC0108AD2A}.Release|x64.ActiveCfg = Release|Any CPU
		{1CEAC815-6614-4513-93CF-20EC0108AD2A}.Release|x64.Build.0 = Release|Any CPU
		{1CEAC815-6614-4513-93CF-20EC0108AD2A}.Release|x86.ActiveCfg = Release|Any CPU
		{1CEAC815-6614-4513-93CF-20EC0108AD2A}.Release|x86.Build.0 = Release|Any CPU
		{318B80AB-9352-47EA-83AB-6796D121408A}.Debug|Any CPU.ActiveCfg = Debug|Any CPU
		{318B80AB-9352-47EA-83AB-6796D121408A}.Debug|Any CPU.Build.0 = Debug|Any CPU
		{318B80AB-9352-47EA-83AB-6796D121408A}.Debug|x64.ActiveCfg = Debug|Any CPU
		{318B80AB-9352-47EA-83AB-6796D121408A}.Debug|x64.Build.0 = Debug|Any CPU
		{318B80AB-9352-47EA-83AB-6796D121408A}.Debug|x86.ActiveCfg = Debug|Any CPU
		{318B80AB-9352-47EA-83AB-6796D121408A}.Debug|x86.Build.0 = Debug|Any CPU
		{318B80AB-9352-47EA-83AB-6796D121408A}.Release|Any CPU.ActiveCfg = Release|Any CPU
		{318B80AB-9352-47EA-83AB-6796D121408A}.Release|Any CPU.Build.0 = Release|Any CPU
		{318B80AB-9352-47EA-83AB-6796D121408A}.Release|x64.ActiveCfg = Release|Any CPU
		{318B80AB-9352-47EA-83AB-6796D121408A}.Release|x64.Build.0 = Release|Any CPU
		{318B80AB-9352-47EA-83AB-6796D121408A}.Release|x86.ActiveCfg = Release|Any CPU
		{318B80AB-9352-47EA-83AB-6796D121408A}.Release|x86.Build.0 = Release|Any CPU
	EndGlobalSection
	GlobalSection(SolutionProperties) = preSolution
		HideSolutionNode = FALSE
	EndGlobalSection
	GlobalSection(NestedProjects) = preSolution
		{5F0D731B-C4A1-C9EE-B532-2F1CB5348551} = {02EF2390-E767-7EF3-E793-5BA23678925A}
		{3002605F-2191-412E-8FBE-9FA99BA0500A} = {5F0D731B-C4A1-C9EE-B532-2F1CB5348551}
		{F7C9FC3C-0DCC-470A-B03E-8C65EB4C6533} = {5F0D731B-C4A1-C9EE-B532-2F1CB5348551}
		{7C421C38-7AE9-4B02-8B2F-5A7718B6071D} = {5F0D731B-C4A1-C9EE-B532-2F1CB5348551}
		{E2B6FE45-A300-42D9-84E4-1A1FA54DC2CC} = {5F0D731B-C4A1-C9EE-B532-2F1CB5348551}
		{283515DD-D10B-F587-300D-814C3382A33F} = {2F7D7215-068A-8E7D-D705-6DD762F6F66D}
		{CAACB3BA-E839-4C17-BA22-D112927E158D} = {283515DD-D10B-F587-300D-814C3382A33F}
		{94EE54E7-9222-48DF-AB55-C488D395F672} = {283515DD-D10B-F587-300D-814C3382A33F}
		{7B931B0D-DD1E-4016-3D68-77A00370799B} = {95434D43-B8AC-1352-C9C1-063F801CF967}
		{88AE1C6B-6DF3-40BD-911E-C3484BB2EC5E} = {7B931B0D-DD1E-4016-3D68-77A00370799B}
		{9A5D7C50-9282-4E95-B38D-7275E0935DC4} = {7B931B0D-DD1E-4016-3D68-77A00370799B}
		{F980D6BB-CB18-9600-1FCE-3338347F0A31} = {1CA6C9E2-C031-DCDD-1692-CBEE3C0E26E9}
		{1CEAC815-6614-4513-93CF-20EC0108AD2A} = {F980D6BB-CB18-9600-1FCE-3338347F0A31}
		{318B80AB-9352-47EA-83AB-6796D121408A} = {F980D6BB-CB18-9600-1FCE-3338347F0A31}
	EndGlobalSection
EndGlobal
